
Microsoft Visual Studio Solution File, Format Version 12.00
# Visual Studio Version 16
VisualStudioVersion = 16.0.29806.167
MinimumVisualStudioVersion = 10.0.40219.1
Project("{FAE04EC0-301F-11D3-BF4B-00C04F79EFBC}") = "StepChat", "StepChat\StepChat.csproj", "{001C7A36-7F01-45FD-8430-34F4109F1983}"
EndProject
Project("{FAE04EC0-301F-11D3-BF4B-00C04F79EFBC}") = "DAL", "DAL\DAL.csproj", "{BC221244-8CE3-4A57-A5D6-4D3413AC75A2}"
EndProject
Project("{FAE04EC0-301F-11D3-BF4B-00C04F79EFBC}") = "Service", "Service\Service.csproj", "{AC6C4D8E-2BAF-4871-9C25-F437E4BDABCD}"
EndProject
Global
	GlobalSection(SolutionConfigurationPlatforms) = preSolution
		Debug|Any CPU = Debug|Any CPU
		Release|Any CPU = Release|Any CPU
	EndGlobalSection
	GlobalSection(ProjectConfigurationPlatforms) = postSolution
		{001C7A36-7F01-45FD-8430-34F4109F1983}.Debug|Any CPU.ActiveCfg = Debug|Any CPU
		{001C7A36-7F01-45FD-8430-34F4109F1983}.Debug|Any CPU.Build.0 = Debug|Any CPU
		{001C7A36-7F01-45FD-8430-34F4109F1983}.Release|Any CPU.ActiveCfg = Release|Any CPU
		{001C7A36-7F01-45FD-8430-34F4109F1983}.Release|Any CPU.Build.0 = Release|Any CPU
		{BC221244-8CE3-4A57-A5D6-4D3413AC75A2}.Debug|Any CPU.ActiveCfg = Debug|Any CPU
		{BC221244-8CE3-4A57-A5D6-4D3413AC75A2}.Debug|Any CPU.Build.0 = Debug|Any CPU
		{BC221244-8CE3-4A57-A5D6-4D3413AC75A2}.Release|Any CPU.ActiveCfg = Release|Any CPU
		{BC221244-8CE3-4A57-A5D6-4D3413AC75A2}.Release|Any CPU.Build.0 = Release|Any CPU
		{AC6C4D8E-2BAF-4871-9C25-F437E4BDABCD}.Debug|Any CPU.ActiveCfg = Debug|Any CPU
		{AC6C4D8E-2BAF-4871-9C25-F437E4BDABCD}.Debug|Any CPU.Build.0 = Debug|Any CPU
		{AC6C4D8E-2BAF-4871-9C25-F437E4BDABCD}.Release|Any CPU.ActiveCfg = Release|Any CPU
		{AC6C4D8E-2BAF-4871-9C25-F437E4BDABCD}.Release|Any CPU.Build.0 = Release|Any CPU
	EndGlobalSection
	GlobalSection(SolutionProperties) = preSolution
		HideSolutionNode = FALSE
	EndGlobalSection
	GlobalSection(ExtensibilityGlobals) = postSolution
		SolutionGuid = {4C99DE13-EA4E-418D-A0B5-70F28DB43316}
	EndGlobalSection
EndGlobal
