
Microsoft Visual Studio Solution File, Format Version 12.00
# Visual Studio 15
VisualStudioVersion = 15.0.28307.1082
MinimumVisualStudioVersion = 10.0.40219.1
Project("{FAE04EC0-301F-11D3-BF4B-00C04F79EFBC}") = "MainWindowUI", "MainWindowUI.csproj", "{562F7F16-4074-47B9-8D5F-15552EEDE549}"
EndProject
Global
	GlobalSection(SolutionConfigurationPlatforms) = preSolution
		Debug|Any CPU = Debug|Any CPU
		Release|Any CPU = Release|Any CPU
	EndGlobalSection
	GlobalSection(ProjectConfigurationPlatforms) = postSolution
		{562F7F16-4074-47B9-8D5F-15552EEDE549}.Debug|Any CPU.ActiveCfg = Debug|Any CPU
		{562F7F16-4074-47B9-8D5F-15552EEDE549}.Debug|Any CPU.Build.0 = Debug|Any CPU
		{562F7F16-4074-47B9-8D5F-15552EEDE549}.Release|Any CPU.ActiveCfg = Release|Any CPU
		{562F7F16-4074-47B9-8D5F-15552EEDE549}.Release|Any CPU.Build.0 = Release|Any CPU
	EndGlobalSection
	GlobalSection(SolutionProperties) = preSolution
		HideSolutionNode = FALSE
	EndGlobalSection
	GlobalSection(ExtensibilityGlobals) = postSolution
		SolutionGuid = {45D35E39-36F1-46DF-81A7-72828F2478F9}
	EndGlobalSection
EndGlobal
